
Microsoft Visual Studio Solution File, Format Version 12.00
# Visual Studio Version 16
VisualStudioVersion = 16.0.30225.117
MinimumVisualStudioVersion = 10.0.40219.1
Project("{9A19103F-16F7-4668-BE54-9A1E7A4F7556}") = "Anything", "core\Anything\Anything.csproj", "{F4B84F0B-0907-43D7-B32D-333D2CAF2515}"
EndProject
Project("{FAE04EC0-301F-11D3-BF4B-00C04F79EFBC}") = "Anything.Tests", "core\Anything.Tests\Anything.Tests.csproj", "{CF5273D5-38E1-4ACA-AD0B-8C4032A8585D}"
EndProject
Project("{FAE04EC0-301F-11D3-BF4B-00C04F79EFBC}") = "Anything.Database", "core\Anything.Database\Anything.Database.csproj", "{BC7DC6FA-591E-4790-822D-E26305D94949}"
EndProject
Project("{FAE04EC0-301F-11D3-BF4B-00C04F79EFBC}") = "Anything.Utils", "core\Anything.Utils\Anything.Utils.csproj", "{800BB296-6099-4E9C-8A79-DE018D86425D}"
EndProject
Project("{FAE04EC0-301F-11D3-BF4B-00C04F79EFBC}") = "Anything.Tests.Utils", "core\Anything.Tests.Utils\Anything.Tests.Utils.csproj", "{434820DD-C390-4E5D-86A0-9C9127AB4299}"
EndProject
Project("{FAE04EC0-301F-11D3-BF4B-00C04F79EFBC}") = "Anything.Tests.Database", "core\Anything.Tests.Database\Anything.Tests.Database.csproj", "{2C104E91-E920-4DEC-9DC1-DB0E6A26000D}"
EndProject
Project("{FAE04EC0-301F-11D3-BF4B-00C04F79EFBC}") = "Anything.FileSystem", "core\Anything.FileSystem\Anything.FileSystem.csproj", "{83F3A40E-139F-4716-BC85-FC58C3DEA2F7}"
EndProject
Project("{FAE04EC0-301F-11D3-BF4B-00C04F79EFBC}") = "Anything.Tests.FileSystem", "core\Anything.Tests.FileSystem\Anything.Tests.FileSystem.csproj", "{6FA64328-7504-432F-AAA9-996FC2DC4A1A}"
EndProject
Project("{FAE04EC0-301F-11D3-BF4B-00C04F79EFBC}") = "Anything.Preview", "core\Anything.Preview\Anything.Preview.csproj", "{CB5ACAF7-B15E-47EB-87D4-9E9AE22DBD04}"
EndProject
Project("{FAE04EC0-301F-11D3-BF4B-00C04F79EFBC}") = "Anything.Tests.Preview", "core\Anything.Tests.Preview\Anything.Tests.Preview.csproj", "{7D71D09E-3108-4C39-B28A-21571B1DCC06}"
EndProject
Project("{FAE04EC0-301F-11D3-BF4B-00C04F79EFBC}") = "Anything.Server", "core\Anything.Server\Anything.Server.csproj", "{099C9C51-1506-455B-8999-015D9BDDA278}"
EndProject
Project("{FAE04EC0-301F-11D3-BF4B-00C04F79EFBC}") = "Anything.Tests.Server", "core\Anything.Tests.Server\Anything.Tests.Server.csproj", "{694317A0-DE17-42DE-B08C-5E40BF8119FC}"
EndProject
Project("{FAE04EC0-301F-11D3-BF4B-00C04F79EFBC}") = "Anything.Search", "core\Anything.Search\Anything.Search.csproj", "{FDFA9E28-02A4-45DE-9663-F419E76250E1}"
EndProject
Project("{FAE04EC0-301F-11D3-BF4B-00C04F79EFBC}") = "Anything.Tests.Search", "core\Anything.Tests.Search\Anything.Tests.Search.csproj", "{27EEF628-144C-444B-B33E-8C828A477034}"
EndProject
Global
	GlobalSection(SolutionConfigurationPlatforms) = preSolution
		Debug|Any CPU = Debug|Any CPU
		Release|Any CPU = Release|Any CPU
	EndGlobalSection
	GlobalSection(ProjectConfigurationPlatforms) = postSolution
		{F4B84F0B-0907-43D7-B32D-333D2CAF2515}.Debug|Any CPU.ActiveCfg = Debug|Any CPU
		{F4B84F0B-0907-43D7-B32D-333D2CAF2515}.Debug|Any CPU.Build.0 = Debug|Any CPU
		{F4B84F0B-0907-43D7-B32D-333D2CAF2515}.Release|Any CPU.ActiveCfg = Release|Any CPU
		{F4B84F0B-0907-43D7-B32D-333D2CAF2515}.Release|Any CPU.Build.0 = Release|Any CPU
		{CF5273D5-38E1-4ACA-AD0B-8C4032A8585D}.Debug|Any CPU.ActiveCfg = Debug|Any CPU
		{CF5273D5-38E1-4ACA-AD0B-8C4032A8585D}.Debug|Any CPU.Build.0 = Debug|Any CPU
		{CF5273D5-38E1-4ACA-AD0B-8C4032A8585D}.Release|Any CPU.ActiveCfg = Release|Any CPU
		{CF5273D5-38E1-4ACA-AD0B-8C4032A8585D}.Release|Any CPU.Build.0 = Release|Any CPU
		{BC7DC6FA-591E-4790-822D-E26305D94949}.Debug|Any CPU.ActiveCfg = Debug|Any CPU
		{BC7DC6FA-591E-4790-822D-E26305D94949}.Debug|Any CPU.Build.0 = Debug|Any CPU
		{BC7DC6FA-591E-4790-822D-E26305D94949}.Release|Any CPU.ActiveCfg = Release|Any CPU
		{BC7DC6FA-591E-4790-822D-E26305D94949}.Release|Any CPU.Build.0 = Release|Any CPU
		{800BB296-6099-4E9C-8A79-DE018D86425D}.Debug|Any CPU.ActiveCfg = Debug|Any CPU
		{800BB296-6099-4E9C-8A79-DE018D86425D}.Debug|Any CPU.Build.0 = Debug|Any CPU
		{800BB296-6099-4E9C-8A79-DE018D86425D}.Release|Any CPU.ActiveCfg = Release|Any CPU
		{800BB296-6099-4E9C-8A79-DE018D86425D}.Release|Any CPU.Build.0 = Release|Any CPU
		{434820DD-C390-4E5D-86A0-9C9127AB4299}.Debug|Any CPU.ActiveCfg = Debug|Any CPU
		{434820DD-C390-4E5D-86A0-9C9127AB4299}.Debug|Any CPU.Build.0 = Debug|Any CPU
		{434820DD-C390-4E5D-86A0-9C9127AB4299}.Release|Any CPU.ActiveCfg = Release|Any CPU
		{434820DD-C390-4E5D-86A0-9C9127AB4299}.Release|Any CPU.Build.0 = Release|Any CPU
		{2C104E91-E920-4DEC-9DC1-DB0E6A26000D}.Debug|Any CPU.ActiveCfg = Debug|Any CPU
		{2C104E91-E920-4DEC-9DC1-DB0E6A26000D}.Debug|Any CPU.Build.0 = Debug|Any CPU
		{2C104E91-E920-4DEC-9DC1-DB0E6A26000D}.Release|Any CPU.ActiveCfg = Release|Any CPU
		{2C104E91-E920-4DEC-9DC1-DB0E6A26000D}.Release|Any CPU.Build.0 = Release|Any CPU
		{83F3A40E-139F-4716-BC85-FC58C3DEA2F7}.Debug|Any CPU.ActiveCfg = Debug|Any CPU
		{83F3A40E-139F-4716-BC85-FC58C3DEA2F7}.Debug|Any CPU.Build.0 = Debug|Any CPU
		{83F3A40E-139F-4716-BC85-FC58C3DEA2F7}.Release|Any CPU.ActiveCfg = Release|Any CPU
		{83F3A40E-139F-4716-BC85-FC58C3DEA2F7}.Release|Any CPU.Build.0 = Release|Any CPU
		{6FA64328-7504-432F-AAA9-996FC2DC4A1A}.Debug|Any CPU.ActiveCfg = Debug|Any CPU
		{6FA64328-7504-432F-AAA9-996FC2DC4A1A}.Debug|Any CPU.Build.0 = Debug|Any CPU
		{6FA64328-7504-432F-AAA9-996FC2DC4A1A}.Release|Any CPU.ActiveCfg = Release|Any CPU
		{6FA64328-7504-432F-AAA9-996FC2DC4A1A}.Release|Any CPU.Build.0 = Release|Any CPU
		{CB5ACAF7-B15E-47EB-87D4-9E9AE22DBD04}.Debug|Any CPU.ActiveCfg = Debug|Any CPU
		{CB5ACAF7-B15E-47EB-87D4-9E9AE22DBD04}.Debug|Any CPU.Build.0 = Debug|Any CPU
		{CB5ACAF7-B15E-47EB-87D4-9E9AE22DBD04}.Release|Any CPU.ActiveCfg = Release|Any CPU
		{CB5ACAF7-B15E-47EB-87D4-9E9AE22DBD04}.Release|Any CPU.Build.0 = Release|Any CPU
		{7D71D09E-3108-4C39-B28A-21571B1DCC06}.Debug|Any CPU.ActiveCfg = Debug|Any CPU
		{7D71D09E-3108-4C39-B28A-21571B1DCC06}.Debug|Any CPU.Build.0 = Debug|Any CPU
		{7D71D09E-3108-4C39-B28A-21571B1DCC06}.Release|Any CPU.ActiveCfg = Release|Any CPU
		{7D71D09E-3108-4C39-B28A-21571B1DCC06}.Release|Any CPU.Build.0 = Release|Any CPU
		{099C9C51-1506-455B-8999-015D9BDDA278}.Debug|Any CPU.ActiveCfg = Debug|Any CPU
		{099C9C51-1506-455B-8999-015D9BDDA278}.Debug|Any CPU.Build.0 = Debug|Any CPU
		{099C9C51-1506-455B-8999-015D9BDDA278}.Release|Any CPU.ActiveCfg = Release|Any CPU
		{099C9C51-1506-455B-8999-015D9BDDA278}.Release|Any CPU.Build.0 = Release|Any CPU
		{694317A0-DE17-42DE-B08C-5E40BF8119FC}.Debug|Any CPU.ActiveCfg = Debug|Any CPU
		{694317A0-DE17-42DE-B08C-5E40BF8119FC}.Debug|Any CPU.Build.0 = Debug|Any CPU
		{694317A0-DE17-42DE-B08C-5E40BF8119FC}.Release|Any CPU.ActiveCfg = Release|Any CPU
		{694317A0-DE17-42DE-B08C-5E40BF8119FC}.Release|Any CPU.Build.0 = Release|Any CPU
		{FDFA9E28-02A4-45DE-9663-F419E76250E1}.Debug|Any CPU.ActiveCfg = Debug|Any CPU
		{FDFA9E28-02A4-45DE-9663-F419E76250E1}.Debug|Any CPU.Build.0 = Debug|Any CPU
		{FDFA9E28-02A4-45DE-9663-F419E76250E1}.Release|Any CPU.ActiveCfg = Release|Any CPU
		{FDFA9E28-02A4-45DE-9663-F419E76250E1}.Release|Any CPU.Build.0 = Release|Any CPU
		{27EEF628-144C-444B-B33E-8C828A477034}.Debug|Any CPU.ActiveCfg = Debug|Any CPU
		{27EEF628-144C-444B-B33E-8C828A477034}.Debug|Any CPU.Build.0 = Debug|Any CPU
		{27EEF628-144C-444B-B33E-8C828A477034}.Release|Any CPU.ActiveCfg = Release|Any CPU
		{27EEF628-144C-444B-B33E-8C828A477034}.Release|Any CPU.Build.0 = Release|Any CPU
	EndGlobalSection
	GlobalSection(SolutionProperties) = preSolution
		HideSolutionNode = FALSE
	EndGlobalSection
	GlobalSection(ExtensibilityGlobals) = postSolution
		SolutionGuid = {71C33728-95DD-4D54-950A-446E5CBCA697}
	EndGlobalSection
EndGlobal
