
Microsoft Visual Studio Solution File, Format Version 12.00
# Visual Studio Version 16
VisualStudioVersion = 16.0.30225.117
MinimumVisualStudioVersion = 10.0.40219.1
Project("{9A19103F-16F7-4668-BE54-9A1E7A4F7556}") = "OwnHub", "OwnHub\OwnHub.csproj", "{F4B84F0B-0907-43D7-B32D-333D2CAF2515}"
EndProject
Project("{FAE04EC0-301F-11D3-BF4B-00C04F79EFBC}") = "OwnHub.Benchmarks", "OwnHub.Benchmarks\OwnHub.Benchmarks.csproj", "{C7B4EBDB-7C96-45F6-BA42-F055BDA75DBC}"
EndProject
Project("{FAE04EC0-301F-11D3-BF4B-00C04F79EFBC}") = "OwnHub.Tests", "OwnHub.Tests\OwnHub.Tests.csproj", "{CF5273D5-38E1-4ACA-AD0B-8C4032A8585D}"
EndProject
Project("{FAE04EC0-301F-11D3-BF4B-00C04F79EFBC}") = "OwnHub.Database", "OwnHub.Database\OwnHub.Database.csproj", "{BC7DC6FA-591E-4790-822D-E26305D94949}"
EndProject
Project("{FAE04EC0-301F-11D3-BF4B-00C04F79EFBC}") = "OwnHub.Utils", "OwnHub.Utils\OwnHub.Utils.csproj", "{800BB296-6099-4E9C-8A79-DE018D86425D}"
EndProject
Project("{FAE04EC0-301F-11D3-BF4B-00C04F79EFBC}") = "OwnHub.Tests.Utils", "OwnHub.Tests.Utils\OwnHub.Tests.Utils.csproj", "{434820DD-C390-4E5D-86A0-9C9127AB4299}"
EndProject
Project("{FAE04EC0-301F-11D3-BF4B-00C04F79EFBC}") = "OwnHub.Tests.Database", "OwnHub.Tests.Database\OwnHub.Tests.Database.csproj", "{2C104E91-E920-4DEC-9DC1-DB0E6A26000D}"
EndProject
Project("{FAE04EC0-301F-11D3-BF4B-00C04F79EFBC}") = "OwnHub.Benchmarks.Sqlite", "OwnHub.Benchmarks.Sqlite\OwnHub.Benchmarks.Sqlite.csproj", "{1A9D08E3-C36A-4750-8D36-907937303F47}"
EndProject
Project("{FAE04EC0-301F-11D3-BF4B-00C04F79EFBC}") = "OwnHub.Tracker", "OwnHub.Tracker\OwnHub.Tracker.csproj", "{07F345AB-CB03-45A4-A398-8A6E2B9AFBFB}"
EndProject
Project("{FAE04EC0-301F-11D3-BF4B-00C04F79EFBC}") = "OwnHub.FileSystem", "OwnHub.FileSystem\OwnHub.FileSystem.csproj", "{83F3A40E-139F-4716-BC85-FC58C3DEA2F7}"
EndProject
Project("{FAE04EC0-301F-11D3-BF4B-00C04F79EFBC}") = "OwnHub.Tests.FileSystem", "OwnHub.Tests.FileSystem\OwnHub.Tests.FileSystem.csproj", "{6FA64328-7504-432F-AAA9-996FC2DC4A1A}"
EndProject
Project("{FAE04EC0-301F-11D3-BF4B-00C04F79EFBC}") = "OwnHub.Preview", "OwnHub.Preview\OwnHub.Preview.csproj", "{CB5ACAF7-B15E-47EB-87D4-9E9AE22DBD04}"
EndProject
Project("{FAE04EC0-301F-11D3-BF4B-00C04F79EFBC}") = "OwnHub.Tests.Preview", "OwnHub.Tests.Preview\OwnHub.Tests.Preview.csproj", "{7D71D09E-3108-4C39-B28A-21571B1DCC06}"
EndProject
Global
	GlobalSection(SolutionConfigurationPlatforms) = preSolution
		Debug|Any CPU = Debug|Any CPU
		Release|Any CPU = Release|Any CPU
	EndGlobalSection
	GlobalSection(ProjectConfigurationPlatforms) = postSolution
		{F4B84F0B-0907-43D7-B32D-333D2CAF2515}.Debug|Any CPU.ActiveCfg = Debug|Any CPU
		{F4B84F0B-0907-43D7-B32D-333D2CAF2515}.Debug|Any CPU.Build.0 = Debug|Any CPU
		{F4B84F0B-0907-43D7-B32D-333D2CAF2515}.Release|Any CPU.ActiveCfg = Release|Any CPU
		{F4B84F0B-0907-43D7-B32D-333D2CAF2515}.Release|Any CPU.Build.0 = Release|Any CPU
		{C7B4EBDB-7C96-45F6-BA42-F055BDA75DBC}.Debug|Any CPU.ActiveCfg = Debug|Any CPU
		{C7B4EBDB-7C96-45F6-BA42-F055BDA75DBC}.Debug|Any CPU.Build.0 = Debug|Any CPU
		{C7B4EBDB-7C96-45F6-BA42-F055BDA75DBC}.Release|Any CPU.ActiveCfg = Release|Any CPU
		{C7B4EBDB-7C96-45F6-BA42-F055BDA75DBC}.Release|Any CPU.Build.0 = Release|Any CPU
		{CF5273D5-38E1-4ACA-AD0B-8C4032A8585D}.Debug|Any CPU.ActiveCfg = Debug|Any CPU
		{CF5273D5-38E1-4ACA-AD0B-8C4032A8585D}.Debug|Any CPU.Build.0 = Debug|Any CPU
		{CF5273D5-38E1-4ACA-AD0B-8C4032A8585D}.Release|Any CPU.ActiveCfg = Release|Any CPU
		{CF5273D5-38E1-4ACA-AD0B-8C4032A8585D}.Release|Any CPU.Build.0 = Release|Any CPU
		{BC7DC6FA-591E-4790-822D-E26305D94949}.Debug|Any CPU.ActiveCfg = Debug|Any CPU
		{BC7DC6FA-591E-4790-822D-E26305D94949}.Debug|Any CPU.Build.0 = Debug|Any CPU
		{BC7DC6FA-591E-4790-822D-E26305D94949}.Release|Any CPU.ActiveCfg = Release|Any CPU
		{BC7DC6FA-591E-4790-822D-E26305D94949}.Release|Any CPU.Build.0 = Release|Any CPU
		{800BB296-6099-4E9C-8A79-DE018D86425D}.Debug|Any CPU.ActiveCfg = Debug|Any CPU
		{800BB296-6099-4E9C-8A79-DE018D86425D}.Debug|Any CPU.Build.0 = Debug|Any CPU
		{800BB296-6099-4E9C-8A79-DE018D86425D}.Release|Any CPU.ActiveCfg = Release|Any CPU
		{800BB296-6099-4E9C-8A79-DE018D86425D}.Release|Any CPU.Build.0 = Release|Any CPU
		{434820DD-C390-4E5D-86A0-9C9127AB4299}.Debug|Any CPU.ActiveCfg = Debug|Any CPU
		{434820DD-C390-4E5D-86A0-9C9127AB4299}.Debug|Any CPU.Build.0 = Debug|Any CPU
		{434820DD-C390-4E5D-86A0-9C9127AB4299}.Release|Any CPU.ActiveCfg = Release|Any CPU
		{434820DD-C390-4E5D-86A0-9C9127AB4299}.Release|Any CPU.Build.0 = Release|Any CPU
		{2C104E91-E920-4DEC-9DC1-DB0E6A26000D}.Debug|Any CPU.ActiveCfg = Debug|Any CPU
		{2C104E91-E920-4DEC-9DC1-DB0E6A26000D}.Debug|Any CPU.Build.0 = Debug|Any CPU
		{2C104E91-E920-4DEC-9DC1-DB0E6A26000D}.Release|Any CPU.ActiveCfg = Release|Any CPU
		{2C104E91-E920-4DEC-9DC1-DB0E6A26000D}.Release|Any CPU.Build.0 = Release|Any CPU
		{1A9D08E3-C36A-4750-8D36-907937303F47}.Debug|Any CPU.ActiveCfg = Debug|Any CPU
		{1A9D08E3-C36A-4750-8D36-907937303F47}.Debug|Any CPU.Build.0 = Debug|Any CPU
		{1A9D08E3-C36A-4750-8D36-907937303F47}.Release|Any CPU.ActiveCfg = Release|Any CPU
		{1A9D08E3-C36A-4750-8D36-907937303F47}.Release|Any CPU.Build.0 = Release|Any CPU
		{07F345AB-CB03-45A4-A398-8A6E2B9AFBFB}.Debug|Any CPU.ActiveCfg = Debug|Any CPU
		{07F345AB-CB03-45A4-A398-8A6E2B9AFBFB}.Debug|Any CPU.Build.0 = Debug|Any CPU
		{07F345AB-CB03-45A4-A398-8A6E2B9AFBFB}.Release|Any CPU.ActiveCfg = Release|Any CPU
		{07F345AB-CB03-45A4-A398-8A6E2B9AFBFB}.Release|Any CPU.Build.0 = Release|Any CPU
		{83F3A40E-139F-4716-BC85-FC58C3DEA2F7}.Debug|Any CPU.ActiveCfg = Debug|Any CPU
		{83F3A40E-139F-4716-BC85-FC58C3DEA2F7}.Debug|Any CPU.Build.0 = Debug|Any CPU
		{83F3A40E-139F-4716-BC85-FC58C3DEA2F7}.Release|Any CPU.ActiveCfg = Release|Any CPU
		{83F3A40E-139F-4716-BC85-FC58C3DEA2F7}.Release|Any CPU.Build.0 = Release|Any CPU
		{6FA64328-7504-432F-AAA9-996FC2DC4A1A}.Debug|Any CPU.ActiveCfg = Debug|Any CPU
		{6FA64328-7504-432F-AAA9-996FC2DC4A1A}.Debug|Any CPU.Build.0 = Debug|Any CPU
		{6FA64328-7504-432F-AAA9-996FC2DC4A1A}.Release|Any CPU.ActiveCfg = Release|Any CPU
		{6FA64328-7504-432F-AAA9-996FC2DC4A1A}.Release|Any CPU.Build.0 = Release|Any CPU
		{CB5ACAF7-B15E-47EB-87D4-9E9AE22DBD04}.Debug|Any CPU.ActiveCfg = Debug|Any CPU
		{CB5ACAF7-B15E-47EB-87D4-9E9AE22DBD04}.Debug|Any CPU.Build.0 = Debug|Any CPU
		{CB5ACAF7-B15E-47EB-87D4-9E9AE22DBD04}.Release|Any CPU.ActiveCfg = Release|Any CPU
		{CB5ACAF7-B15E-47EB-87D4-9E9AE22DBD04}.Release|Any CPU.Build.0 = Release|Any CPU
		{7D71D09E-3108-4C39-B28A-21571B1DCC06}.Debug|Any CPU.ActiveCfg = Debug|Any CPU
		{7D71D09E-3108-4C39-B28A-21571B1DCC06}.Debug|Any CPU.Build.0 = Debug|Any CPU
		{7D71D09E-3108-4C39-B28A-21571B1DCC06}.Release|Any CPU.ActiveCfg = Release|Any CPU
		{7D71D09E-3108-4C39-B28A-21571B1DCC06}.Release|Any CPU.Build.0 = Release|Any CPU
	EndGlobalSection
	GlobalSection(SolutionProperties) = preSolution
		HideSolutionNode = FALSE
	EndGlobalSection
	GlobalSection(ExtensibilityGlobals) = postSolution
		SolutionGuid = {71C33728-95DD-4D54-950A-446E5CBCA697}
	EndGlobalSection
EndGlobal
