{
  "version": 1,
  "dependencies": {
    ".NETCoreApp,Version=v5.0": {
      "IDisposableAnalyzers": {
        "type": "Direct",
        "requested": "[3.4.15, )",
        "resolved": "3.4.15",
        "contentHash": "3YniXnEVyPL82TVloNeNjByo6e6+cUhWcgrs1ggOdsetzpegSPvmDDUYzwHb1u7xCZo45cXZcKQd/vffaan6IA=="
      },
      "StyleCop.Analyzers": {
        "type": "Direct",
        "requested": "[1.2.0-beta.333, )",
        "resolved": "1.2.0-beta.333",
        "contentHash": "o2r6o6TVTb6VdTtWEYT88/SgixcujjZ3gXMktvI/aNkA3y0CxUSVZEL23OjFe4/sDiTvldkdhKEyAQP9Z8r5wA==",
        "dependencies": {
          "StyleCop.Analyzers.Unstable": "1.2.0.333"
        }
      },
      "Microsoft.Data.Sqlite": {
        "type": "Transitive",
        "resolved": "5.0.9",
        "contentHash": "EqKS0D6fHxKq1UYHDO9n3xHWyvgePGSC0gqq47fgqQBTOFUeeJaG2RArKq5LZhCZMISe5PgBunU5UwH8BsWi1w==",
        "dependencies": {
          "Microsoft.Data.Sqlite.Core": "5.0.9",
          "SQLitePCLRaw.bundle_e_sqlite3": "2.0.4"
        }
      },
      "Microsoft.Data.Sqlite.Core": {
        "type": "Transitive",
        "resolved": "5.0.10",
        "contentHash": "Uv/pSj1qu+yhAmGtel1rGAjBplcH8BfNaDTgeeCat4Y3nW4b17zdUffvKGBYKcrVfzInf5teHclKKv2fIsm01A==",
        "dependencies": {
          "SQLitePCLRaw.core": "2.0.4"
        }
      },
      "Microsoft.DotNet.PlatformAbstractions": {
        "type": "Transitive",
        "resolved": "3.1.6",
        "contentHash": "jek4XYaQ/PGUwDKKhwR8K47Uh1189PFzMeLqO83mXrXQVIpARZCcfuDedH50YDTepBkfijCZN5U/vZi++erxtg=="
      },
      "Microsoft.EntityFrameworkCore": {
        "type": "Transitive",
        "resolved": "5.0.10",
        "contentHash": "w5+5oewaQWDj4ChxxjLhdxIi98dK+kq7wvqnTco9PodkqHIDMfKk+5fQCQGLQrbhTdNaqyfYE1ApFP66mLXv6Q==",
        "dependencies": {
          "Microsoft.EntityFrameworkCore.Abstractions": "5.0.10",
          "Microsoft.EntityFrameworkCore.Analyzers": "5.0.10",
          "Microsoft.Extensions.Caching.Memory": "5.0.0",
          "Microsoft.Extensions.DependencyInjection": "5.0.2",
          "Microsoft.Extensions.Logging": "5.0.0",
          "System.Collections.Immutable": "5.0.0",
          "System.ComponentModel.Annotations": "5.0.0",
          "System.Diagnostics.DiagnosticSource": "5.0.1"
        }
      },
      "Microsoft.EntityFrameworkCore.Abstractions": {
        "type": "Transitive",
        "resolved": "5.0.10",
        "contentHash": "Ib85lZI/jxvsKcCS0GHVeqBv/JGzEvKa6HkoyxNu0EDmzDoh4OFl+dDKSx4Vr6I5YWT7nQj3sz6I4I0wHSN0xg=="
      },
      "Microsoft.EntityFrameworkCore.Analyzers": {
        "type": "Transitive",
        "resolved": "5.0.10",
        "contentHash": "MBnG+g6jrmK72y4rU+4y2btHrl72i2q3zrXG3pj2zZGXXrG9Q4SlwL5ul0ASmQXYjhJ4VpDfd4o1/gdRPsa2jA=="
      },
      "Microsoft.EntityFrameworkCore.Relational": {
        "type": "Transitive",
        "resolved": "5.0.10",
        "contentHash": "3l7GA+0y5E3kDOl85KRHhC0zXYA/CyQBQqDXvFGkqYzdPMRyWQkaQz2+yN4CN/SC+TVa48FPIAc2Wim8aWAliQ==",
        "dependencies": {
          "Microsoft.EntityFrameworkCore": "5.0.10",
          "Microsoft.Extensions.Configuration.Abstractions": "5.0.0"
        }
      },
      "Microsoft.EntityFrameworkCore.Sqlite.Core": {
        "type": "Transitive",
        "resolved": "5.0.10",
        "contentHash": "LerzBEn8jxXoCeZx/mJ+7pzsYIeRINDYmsYSv05fl9jOw5nd8fEDk88U0CY+H40KTOTOxc0tCmFV6gOGNR0ckA==",
        "dependencies": {
          "Microsoft.Data.Sqlite.Core": "5.0.10",
          "Microsoft.DotNet.PlatformAbstractions": "3.1.6",
          "Microsoft.EntityFrameworkCore.Relational": "5.0.10",
          "Microsoft.Extensions.DependencyModel": "5.0.0"
        }
      },
      "Microsoft.Extensions.Caching.Abstractions": {
        "type": "Transitive",
        "resolved": "5.0.0",
        "contentHash": "bu8As90/SBAouMZ6fJ+qRNo1X+KgHGrVueFhhYi+E5WqEhcnp2HoWRFnMzXQ6g4RdZbvPowFerSbKNH4Dtg5yg==",
        "dependencies": {
          "Microsoft.Extensions.Primitives": "5.0.0"
        }
      },
      "Microsoft.Extensions.Caching.Memory": {
        "type": "Transitive",
        "resolved": "5.0.0",
        "contentHash": "/1qPCleFOkJe0O+xmFqCNLFYQZTJz965sVw8CUB/BQgsApBwzAUsL2BUkDvQW+geRUVTXUS9zLa0pBjC2VJ1gA==",
        "dependencies": {
          "Microsoft.Extensions.Caching.Abstractions": "5.0.0",
          "Microsoft.Extensions.DependencyInjection.Abstractions": "5.0.0",
          "Microsoft.Extensions.Logging.Abstractions": "5.0.0",
          "Microsoft.Extensions.Options": "5.0.0",
          "Microsoft.Extensions.Primitives": "5.0.0"
        }
      },
      "Microsoft.Extensions.Configuration.Abstractions": {
        "type": "Transitive",
        "resolved": "5.0.0",
        "contentHash": "ETjSBHMp3OAZ4HxGQYpwyGsD8Sw5FegQXphi0rpoGMT74S4+I2mm7XJEswwn59XAaKOzC15oDSOWEE8SzDCd6Q==",
        "dependencies": {
          "Microsoft.Extensions.Primitives": "5.0.0"
        }
      },
      "Microsoft.Extensions.DependencyInjection": {
        "type": "Transitive",
        "resolved": "5.0.2",
        "contentHash": "xzFW00AZEvOXM1OX+0+AYH5op/Hf3u//e6wszBd/rK72sypD+jx5CtsHxM4BVuFBEs8SajfO4QzSJtrQaHDr4A==",
        "dependencies": {
          "Microsoft.Extensions.DependencyInjection.Abstractions": "5.0.0"
        }
      },
      "Microsoft.Extensions.DependencyInjection.Abstractions": {
        "type": "Transitive",
        "resolved": "5.0.0",
        "contentHash": "ORj7Zh81gC69TyvmcUm9tSzytcy8AVousi+IVRAI8nLieQjOFryRusSFh7+aLk16FN9pQNqJAiMd7BTKINK0kA=="
      },
      "Microsoft.Extensions.DependencyModel": {
        "type": "Transitive",
        "resolved": "5.0.0",
        "contentHash": "umBECCoMC+sOUgm083yFr8SxTobUOcPFH4AXigdO2xJiszCHAnmeDl4qPphJt+oaJ/XIfV1wOjIts2nRnki61Q=="
      },
      "Microsoft.Extensions.FileProviders.Abstractions": {
        "type": "Transitive",
        "resolved": "5.0.0",
        "contentHash": "iuZIiZ3mteEb+nsUqpGXKx2cGF+cv6gWPd5jqQI4hzqdiJ6I94ddLjKhQOuRW1lueHwocIw30xbSHGhQj0zjdQ==",
        "dependencies": {
          "Microsoft.Extensions.Primitives": "5.0.0"
        }
      },
      "Microsoft.Extensions.FileProviders.Embedded": {
        "type": "Transitive",
        "resolved": "5.0.11",
        "contentHash": "xji3RrfNug5smkqOtz8Z0UqrDPfhvB61m/2UUO5GDmB4eRov2O1gZIHfnyOR9A0Og3nfBvaIBJEAzHE+N8hXjQ==",
        "dependencies": {
          "Microsoft.Extensions.FileProviders.Abstractions": "5.0.0"
        }
      },
      "Microsoft.Extensions.Logging": {
        "type": "Transitive",
        "resolved": "5.0.0",
        "contentHash": "MgOwK6tPzB6YNH21wssJcw/2MKwee8b2gI7SllYfn6rvTpIrVvVS5HAjSU2vqSku1fwqRvWP0MdIi14qjd93Aw==",
        "dependencies": {
          "Microsoft.Extensions.DependencyInjection": "5.0.0",
          "Microsoft.Extensions.DependencyInjection.Abstractions": "5.0.0",
          "Microsoft.Extensions.Logging.Abstractions": "5.0.0",
          "Microsoft.Extensions.Options": "5.0.0"
        }
      },
      "Microsoft.Extensions.Logging.Abstractions": {
        "type": "Transitive",
        "resolved": "5.0.0",
        "contentHash": "NxP6ahFcBnnSfwNBi2KH2Oz8Xl5Sm2krjId/jRR3I7teFphwiUoUeZPwTNA21EX+5PtjqmyAvKaOeBXcJjcH/w=="
      },
      "Microsoft.Extensions.Options": {
        "type": "Transitive",
        "resolved": "5.0.0",
        "contentHash": "CBvR92TCJ5uBIdd9/HzDSrxYak+0W/3+yxrNg8Qm6Bmrkh5L+nu6m3WeazQehcZ5q1/6dDA7J5YdQjim0165zg==",
        "dependencies": {
          "Microsoft.Extensions.DependencyInjection.Abstractions": "5.0.0",
          "Microsoft.Extensions.Primitives": "5.0.0"
        }
      },
      "Microsoft.Extensions.Primitives": {
        "type": "Transitive",
        "resolved": "5.0.0",
        "contentHash": "cI/VWn9G1fghXrNDagX9nYaaB/nokkZn0HYAawGaELQrl8InSezfe9OnfPZLcJq3esXxygh3hkq2c3qoV3SDyQ=="
      },
      "Microsoft.Toolkit.HighPerformance": {
        "type": "Transitive",
        "resolved": "7.1.1",
        "contentHash": "TRnvDpZPXO30hTOtjfLw6Y9BtTKtTpzk9lefeh4RMCaUihWrVKQR454nYH4/mMJAh+LXqfAPyk0kfkJs0Amopw=="
      },
      "Nito.AsyncEx": {
        "type": "Transitive",
        "resolved": "5.1.0",
        "contentHash": "KOahZdW0fRLnoym5lGtyWpFUZ94I5s0wLgYF5RHhK8RUhXpCiEX+185qjNvkse3H9WJV2/pFfPlKZHv8Eej7Hw==",
        "dependencies": {
          "Nito.AsyncEx.Context": "5.1.0",
          "Nito.AsyncEx.Coordination": "5.1.0",
          "Nito.AsyncEx.Interop.WaitHandles": "5.1.0",
          "Nito.AsyncEx.Oop": "5.1.0",
          "Nito.AsyncEx.Tasks": "5.1.0",
          "Nito.Cancellation": "1.1.0"
        }
      },
      "Nito.AsyncEx.Context": {
        "type": "Transitive",
        "resolved": "5.1.0",
        "contentHash": "EE7M37c5E/kvulzEkpUR6v1AnK34b2wysOLJHSjl78p/3hL7grte0XCPRqCfLZDwq98AD9GHMTCRfZy7TEeHhw==",
        "dependencies": {
          "Nito.AsyncEx.Tasks": "5.1.0"
        }
      },
      "Nito.AsyncEx.Coordination": {
        "type": "Transitive",
        "resolved": "5.1.0",
        "contentHash": "Nv+oA+cSxidjOImiKcz2FJgMIDxiK0A6xormKmsUklUBjTNqQpjtdJsACMgTQG56PkTHdbMi5QijPTTUsmcCeg==",
        "dependencies": {
          "Nito.AsyncEx.Tasks": "5.1.0",
          "Nito.Collections.Deque": "1.1.0"
        }
      },
      "Nito.AsyncEx.Interop.WaitHandles": {
        "type": "Transitive",
        "resolved": "5.1.0",
        "contentHash": "wFm3lrXXNPBtZHjLI21xhcADoh5CzO5KKNO38ybLO/CcL9zMUWWfsNiAFbw8JGp/wHoxhfdEUlThBnY3XaLR/w==",
        "dependencies": {
          "Nito.AsyncEx.Tasks": "5.1.0"
        }
      },
      "Nito.AsyncEx.Oop": {
        "type": "Transitive",
        "resolved": "5.1.0",
        "contentHash": "J5DVgQrmE9qMNhK2eEMsuEw7V7cw7MIPrv3jqqQWolzDXkOxJFFYKUK+4dnC6UAEmum3xRVD2oBAoXg0vdYDDQ==",
        "dependencies": {
          "Nito.AsyncEx.Coordination": "5.1.0"
        }
      },
      "Nito.AsyncEx.Tasks": {
        "type": "Transitive",
        "resolved": "5.1.0",
        "contentHash": "tU3Ib4zs8ivM+uS8n7F7ReWZlA3mODyLqwPE+v+WJI94hZ8xLXl+a9npfj/IcmeXo9a6fGKLWkswKQHOeTWqwA==",
        "dependencies": {
          "Nito.Disposables": "2.2.0"
        }
      },
      "Nito.Cancellation": {
        "type": "Transitive",
        "resolved": "1.1.0",
        "contentHash": "BSezc6jsEEAoa8UtVjQ6Qr/D5xX+FozlDKFHAvDeTv24I7ZZmmfbFxEmdjaSLnrboz1WMRjUKCQwZw7Gf4+WcA==",
        "dependencies": {
          "Nito.Disposables": "2.2.0"
        }
      },
      "Nito.Collections.Deque": {
        "type": "Transitive",
        "resolved": "1.1.0",
        "contentHash": "RXHe531Oaw2IathDr0Q2kbid0iuudBxtgZsfBZ2eUPuFI8I1P7HMiuUeaIefqYykcDYFTDQsFAPAljduIjihLA=="
      },
      "Nito.Disposables": {
        "type": "Transitive",
        "resolved": "2.2.0",
        "contentHash": "QcL+uBwUCEoK8GKp/WzjdCiG8/3G1WLlVNJgLJUNG7bIIVAcEV+Mro4s53VT4Nd8xMSplv0gy+Priw44vRvLaA==",
        "dependencies": {
          "System.Collections.Immutable": "1.4.0"
        }
      },
      "Serilog": {
        "type": "Transitive",
        "resolved": "2.10.0",
        "contentHash": "+QX0hmf37a0/OZLxM3wL7V6/ADvC1XihXN4Kq/p6d8lCPfgkRdiuhbWlMaFjR9Av0dy5F0+MBeDmDdRZN/YwQA=="
      },
      "Serilog.Sinks.Console": {
        "type": "Transitive",
        "resolved": "4.0.0",
        "contentHash": "yJQit9sTJ4xGLKgCujqDJsaGqBNJwGB/H898z+xYlMG06twy4//6LLnSrsmpduZxcHIG4im7cv+JmXLzXz2EkQ==",
        "dependencies": {
          "Serilog": "2.10.0"
        }
      },
      "SQLitePCLRaw.bundle_e_sqlite3": {
        "type": "Transitive",
        "resolved": "2.0.4",
        "contentHash": "f5U8Sw0lRym8tTraJ2zm6OqcDrcrEVvcKDtYlKSLs3Ox9SerkwkPXiFXb/uiW0g2tJdUw6oBhsxI/l5DoRxXMg==",
        "dependencies": {
          "SQLitePCLRaw.core": "2.0.4",
          "SQLitePCLRaw.lib.e_sqlite3": "2.0.4",
          "SQLitePCLRaw.provider.dynamic_cdecl": "2.0.4"
        }
      },
      "SQLitePCLRaw.core": {
        "type": "Transitive",
        "resolved": "2.0.4",
        "contentHash": "4XlDZpDAsboMD6qZQcz9AaKblKDUTVHF+8f3lvbP7QjoqSRr2Xc0Lm34IK2pjRIYnyFLhI3yOJ5YWfOiCid2yg==",
        "dependencies": {
          "System.Memory": "4.5.3"
        }
      },
      "SQLitePCLRaw.lib.e_sqlite3": {
        "type": "Transitive",
        "resolved": "2.0.4",
        "contentHash": "oetvmtDZOE4Nnrtxd8Trapl9geBiu0rDCUXff46qGYjnUwzaU1mZ3OHnfR402tl32rx8gBWg3n5OBRaPJRbsGw=="
      },
      "SQLitePCLRaw.provider.dynamic_cdecl": {
        "type": "Transitive",
        "resolved": "2.0.4",
        "contentHash": "AY6+vv/4ji1mCkLrS6HP/88rHT9YFKRyg3LUj8RyIk6imJMUFdQDiP8rK8gq0a/0FbqspLjK1t7rtKcr7FXRYA==",
        "dependencies": {
          "SQLitePCLRaw.core": "2.0.4"
        }
      },
      "StyleCop.Analyzers.Unstable": {
        "type": "Transitive",
        "resolved": "1.2.0.333",
        "contentHash": "7mwxcwa3xZnyU71OTqSgntCDpsZ5gkc4saXhuJeyg5Xc+3xiQxzyhy26uG8rVF8Z7GKpXCsHCL3rd5ZomA+a/A=="
      },
      "System.Collections.Immutable": {
        "type": "Transitive",
        "resolved": "5.0.0",
        "contentHash": "FXkLXiK0sVVewcso0imKQoOxjoPAj42R8HtjjbSjVPAzwDfzoyoznWxgA3c38LDbN9SJux1xXoXYAhz98j7r2g=="
      },
      "System.ComponentModel.Annotations": {
        "type": "Transitive",
        "resolved": "5.0.0",
        "contentHash": "dMkqfy2el8A8/I76n2Hi1oBFEbG1SfxD2l5nhwXV3XjlnOmwxJlQbYpJH4W51odnU9sARCSAgv7S3CyAFMkpYg=="
      },
      "System.Diagnostics.DiagnosticSource": {
        "type": "Transitive",
        "resolved": "5.0.1",
        "contentHash": "uXQEYqav2V3zP6OwkOKtLv+qIi6z3m1hsGyKwXX7ZA7htT4shoVccGxnJ9kVRFPNAsi1ArZTq2oh7WOto6GbkQ=="
      },
      "System.Linq.Async": {
        "type": "Transitive",
        "resolved": "5.0.0",
        "contentHash": "cPtIuuH8TIjVHSi2ewwReWGW1PfChPE0LxPIDlfwVcLuTM9GANFTXiMB7k3aC4sk3f0cQU25LNKzx+jZMxijqw=="
      },
      "System.Memory": {
        "type": "Transitive",
        "resolved": "4.5.3",
        "contentHash": "3oDzvc/zzetpTKWMShs1AADwZjQ/36HnsufHRPcOjyRAAMLDlu2iD33MBI2opxnezcVUtXyqDXXjoFMOU9c7SA=="
      },
      "System.Text.Json": {
        "type": "Transitive",
        "resolved": "5.0.2",
        "contentHash": "I47dVIGiV6SfAyppphxqupertT/5oZkYLDCX6vC3HpOI4ZLjyoKAreUoem2ie6G0RbRuFrlqz/PcTQjfb2DOfQ=="
      },
      "anything.database": {
        "type": "Project",
        "dependencies": {
          "Anything.Utils": "1.0.0",
          "Microsoft.Data.SQLite": "5.0.9"
        }
      },
      "anything.filesystem": {
        "type": "Project",
        "dependencies": {
          "Anything.Database": "1.0.0",
          "Anything.Utils": "1.0.0",
          "Microsoft.Toolkit.HighPerformance": "7.1.1"
        }
      },
      "anything.fork": {
        "type": "Project",
        "dependencies": {
          "Anything.FileSystem": "1.0.0",
          "Anything.Utils": "1.0.0",
          "Microsoft.EntityFrameworkCore": "5.0.10",
          "Microsoft.EntityFrameworkCore.Sqlite.Core": "5.0.10"
        }
      },
      "anything.utils": {
        "type": "Project",
        "dependencies": {
          "Microsoft.Extensions.FileProviders.Embedded": "5.0.11",
          "Nito.AsyncEx": "5.1.0",
          "Serilog": "2.10.0",
          "Serilog.Sinks.Console": "4.0.0",
          "System.Linq.Async": "5.0.0",
          "System.Text.Json": "5.0.2"
        }
      }
    }
  }
}